schema: '2.0'
stages:
  scrape:
    cmd: python src/pipeline/scrape.py data/raw/apps.csv data/raw/reviews.csv
    deps:
    - path: src/pipeline/scrape.py
      md5: 5a624bfb17a57bcb5a5583c371443b29
      size: 2423
    outs:
    - path: data/raw/apps.csv
      md5: fbada048d3ebd68b7063c9a22a081620
      size: 138577
    - path: data/raw/reviews.csv
      md5: df0a6355e83e1e6c7a88569c4006ab52
      size: 13543227
  split:
    cmd: python src/pipeline/split.py 42 data/raw/reviews.csv data/processed/train_split.csv
      data/processed/val_split.csv data/processed/test_split.csv
    deps:
    - path: data/raw/reviews.csv
      md5: df0a6355e83e1e6c7a88569c4006ab52
      size: 13543227
    - path: src/pipeline/split.py
      md5: 3759d9eb01542b0e0e28abf51857449b
      size: 1249
    outs:
    - path: data/processed/test_split.csv
      md5: d1d0371f1741510d2b30d28671d312a9
      size: 4098347
    - path: data/processed/train_split.csv
      md5: d1d0371f1741510d2b30d28671d312a9
      size: 4098347
    - path: data/processed/val_split.csv
      md5: d1d0371f1741510d2b30d28671d312a9
      size: 4098347
  train:
    cmd: python src/models/train.py bert-base-uncased data/processed/train_split.csv
      data/processed/val_split.csv 512 8 4 0.3 768 1 models/imdb_classification/
    deps:
    - path: data/processed/train_split.csv
      md5: d2575bfeccb723c5c104c3d0c83012d9
      size: 59259946
    - path: data/processed/val_split.csv
      md5: d2575bfeccb723c5c104c3d0c83012d9
      size: 59259946
    - path: src/models/train.py
      md5: dad16965f7f6a16d4fa080df65d830cd
      size: 3233
