schema: '2.0'
stages:
  scrape:
    cmd: python src/pipeline/scrape.py data/raw/apps.csv data/raw/reviews.csv
    deps:
    - path: src/pipeline/scrape.py
      md5: 5a624bfb17a57bcb5a5583c371443b29
      size: 2423
    outs:
    - path: data/raw/apps.csv
      md5: 761d7778b71d51e8df46d8ea07a79473
      size: 138580
    - path: data/raw/reviews.csv
      md5: e1c6f7cb2a07cca57c629880b6b83523
      size: 13502721
  split:
    cmd: python src/pipeline/split.py 42 data/raw/reviews.csv data/processed/train_split.csv
      data/processed/val_split.csv data/processed/test_split.csv
    deps:
    - path: data/raw/reviews.csv
      md5: e1c6f7cb2a07cca57c629880b6b83523
      size: 13502721
    - path: src/pipeline/split.py
      md5: f9d6160000f93e5cd86b3b99ff6a2fec
      size: 958
    outs:
    - path: data/processed/train_split.csv
      md5: a60b96ad3f79759616ab32e012680bb9
      size: 12324044
